
Microsoft Visual Studio Solution File, Format Version 12.00
# Visual Studio Version 17
VisualStudioVersion = 17.0.31903.59
MinimumVisualStudioVersion = 10.0.40219.1
Project("{2150E333-8FDC-42A3-9474-1A3956D46DE8}") = "src", "src", "{98CCF6DD-8E75-4D4D-973F-108960A51661}"
EndProject
Project("{FAE04EC0-301F-11D3-BF4B-00C04F79EFBC}") = "Parsers", "src\Parsers\Parsers.csproj", "{45EC991F-D8D2-4C4C-95AD-088C0FBEAA3C}"
EndProject
Project("{FAE04EC0-301F-11D3-BF4B-00C04F79EFBC}") = "ConnectorApp", "src\ConnectorApp\ConnectorApp.csproj", "{AD4ECCB8-71AB-4B55-AB6A-14CD3250A51B}"
EndProject
Project("{FAE04EC0-301F-11D3-BF4B-00C04F79EFBC}") = "utils", "src\Utils\utils.csproj", "{711A5396-EB01-4863-B39A-5FE3B434E177}"
EndProject
Global
	GlobalSection(SolutionConfigurationPlatforms) = preSolution
		Debug|Any CPU = Debug|Any CPU
		Release|Any CPU = Release|Any CPU
	EndGlobalSection
	GlobalSection(SolutionProperties) = preSolution
		HideSolutionNode = FALSE
	EndGlobalSection
	GlobalSection(ProjectConfigurationPlatforms) = postSolution
		{45EC991F-D8D2-4C4C-95AD-088C0FBEAA3C}.Debug|Any CPU.ActiveCfg = Debug|Any CPU
		{45EC991F-D8D2-4C4C-95AD-088C0FBEAA3C}.Debug|Any CPU.Build.0 = Debug|Any CPU
		{45EC991F-D8D2-4C4C-95AD-088C0FBEAA3C}.Release|Any CPU.ActiveCfg = Release|Any CPU
		{45EC991F-D8D2-4C4C-95AD-088C0FBEAA3C}.Release|Any CPU.Build.0 = Release|Any CPU
		{AD4ECCB8-71AB-4B55-AB6A-14CD3250A51B}.Debug|Any CPU.ActiveCfg = Debug|Any CPU
		{AD4ECCB8-71AB-4B55-AB6A-14CD3250A51B}.Debug|Any CPU.Build.0 = Debug|Any CPU
		{AD4ECCB8-71AB-4B55-AB6A-14CD3250A51B}.Release|Any CPU.ActiveCfg = Release|Any CPU
		{AD4ECCB8-71AB-4B55-AB6A-14CD3250A51B}.Release|Any CPU.Build.0 = Release|Any CPU
		{711A5396-EB01-4863-B39A-5FE3B434E177}.Debug|Any CPU.ActiveCfg = Debug|Any CPU
		{711A5396-EB01-4863-B39A-5FE3B434E177}.Debug|Any CPU.Build.0 = Debug|Any CPU
		{711A5396-EB01-4863-B39A-5FE3B434E177}.Release|Any CPU.ActiveCfg = Release|Any CPU
		{711A5396-EB01-4863-B39A-5FE3B434E177}.Release|Any CPU.Build.0 = Release|Any CPU
	EndGlobalSection
	GlobalSection(NestedProjects) = preSolution
		{45EC991F-D8D2-4C4C-95AD-088C0FBEAA3C} = {98CCF6DD-8E75-4D4D-973F-108960A51661}
		{AD4ECCB8-71AB-4B55-AB6A-14CD3250A51B} = {98CCF6DD-8E75-4D4D-973F-108960A51661}
		{711A5396-EB01-4863-B39A-5FE3B434E177} = {98CCF6DD-8E75-4D4D-973F-108960A51661}
	EndGlobalSection
EndGlobal
